// !$*UTF8*$!
{
	archiveVersion = 1;
	classes = {
	};
	objectVersion = 46;
	objects = {

/* Begin PBXBuildFile section */
		E896D8DF16DE4840003BBA49 /* UIKit.framework in Frameworks */ = {isa = PBXBuildFile; fileRef = E896D8DE16DE4840003BBA49 /* UIKit.framework */; };
		E896D8E116DE4840003BBA49 /* Foundation.framework in Frameworks */ = {isa = PBXBuildFile; fileRef = E896D8E016DE4840003BBA49 /* Foundation.framework */; };
		E896D8E316DE4840003BBA49 /* CoreGraphics.framework in Frameworks */ = {isa = PBXBuildFile; fileRef = E896D8E216DE4840003BBA49 /* CoreGraphics.framework */; };
		E896D8E916DE4840003BBA49 /* InfoPlist.strings in Resources */ = {isa = PBXBuildFile; fileRef = E896D8E716DE4840003BBA49 /* InfoPlist.strings */; };
		E896D8EB16DE4840003BBA49 /* main.m in Sources */ = {isa = PBXBuildFile; fileRef = E896D8EA16DE4840003BBA49 /* main.m */; };
		E896D8EF16DE4840003BBA49 /* AppDelegate.m in Sources */ = {isa = PBXBuildFile; fileRef = E896D8EE16DE4840003BBA49 /* AppDelegate.m */; };
		E896D8F116DE4840003BBA49 /* Default.png in Resources */ = {isa = PBXBuildFile; fileRef = E896D8F016DE4840003BBA49 /* Default.png */; };
		E896D8F316DE4840003BBA49 /* Default@2x.png in Resources */ = {isa = PBXBuildFile; fileRef = E896D8F216DE4840003BBA49 /* Default@2x.png */; };
		E896D8F516DE4840003BBA49 /* Default-568h@2x.png in Resources */ = {isa = PBXBuildFile; fileRef = E896D8F416DE4840003BBA49 /* Default-568h@2x.png */; };
		E896D8F816DE4840003BBA49 /* MainStoryboard.storyboard in Resources */ = {isa = PBXBuildFile; fileRef = E896D8F616DE4840003BBA49 /* MainStoryboard.storyboard */; };
		E896D8FB16DE4840003BBA49 /* ViewController.m in Sources */ = {isa = PBXBuildFile; fileRef = E896D8FA16DE4840003BBA49 /* ViewController.m */; };
/* End PBXBuildFile section */

/* Begin PBXFileReference section */
		E896D8DB16DE4840003BBA49 /* ContactFinder.app */ = {isa = PBXFileReference; explicitFileType = wrapper.application; includeInIndex = 0; path = ContactFinder.app; sourceTree = BUILT_PRODUCTS_DIR; };
		E896D8DE16DE4840003BBA49 /* UIKit.framework */ = {isa = PBXFileReference; lastKnownFileType = wrapper.framework; name = UIKit.framework; path = System/Library/Frameworks/UIKit.framework; sourceTree = SDKROOT; };
		E896D8E016DE4840003BBA49 /* Foundation.framework */ = {isa = PBXFileReference; lastKnownFileType = wrapper.framework; name = Foundation.framework; path = System/Library/Frameworks/Foundation.framework; sourceTree = SDKROOT; };
		E896D8E216DE4840003BBA49 /* CoreGraphics.framework */ = {isa = PBXFileReference; lastKnownFileType = wrapper.framework; name = CoreGraphics.framework; path = System/Library/Frameworks/CoreGraphics.framework; sourceTree = SDKROOT; };
		E896D8E616DE4840003BBA49 /* ContactFinder-Info.plist */ = {isa = PBXFileReference; lastKnownFileType = text.plist.xml; path = "ContactFinder-Info.plist"; sourceTree = "<group>"; };
		E896D8E816DE4840003BBA49 /* en */ = {isa = PBXFileReference; lastKnownFileType = text.plist.strings; name = en; path = en.lproj/InfoPlist.strings; sourceTree = "<group>"; };
		E896D8EA16DE4840003BBA49 /* main.m */ = {isa = PBXFileReference; lastKnownFileType = sourcecode.c.objc; path = main.m; sourceTree = "<group>"; };
		E896D8EC16DE4840003BBA49 /* ContactFinder-Prefix.pch */ = {isa = PBXFileReference; lastKnownFileType = sourcecode.c.h; path = "ContactFinder-Prefix.pch"; sourceTree = "<group>"; };
		E896D8ED16DE4840003BBA49 /* AppDelegate.h */ = {isa = PBXFileReference; lastKnownFileType = sourcecode.c.h; path = AppDelegate.h; sourceTree = "<group>"; };
		E896D8EE16DE4840003BBA49 /* AppDelegate.m */ = {isa = PBXFileReference; lastKnownFileType = sourcecode.c.objc; path = AppDelegate.m; sourceTree = "<group>"; };
		E896D8F016DE4840003BBA49 /* Default.png */ = {isa = PBXFileReference; lastKnownFileType = image.png; path = Default.png; sourceTree = "<group>"; };
		E896D8F216DE4840003BBA49 /* Default@2x.png */ = {isa = PBXFileReference; lastKnownFileType = image.png; path = "Default@2x.png"; sourceTree = "<group>"; };
		E896D8F416DE4840003BBA49 /* Default-568h@2x.png */ = {isa = PBXFileReference; lastKnownFileType = image.png; path = "Default-568h@2x.png"; sourceTree = "<group>"; };
		E896D8F716DE4840003BBA49 /* en */ = {isa = PBXFileReference; lastKnownFileType = file.storyboard; name = en; path = en.lproj/MainStoryboard.storyboard; sourceTree = "<group>"; };
		E896D8F916DE4840003BBA49 /* ViewController.h */ = {isa = PBXFileReference; lastKnownFileType = sourcecode.c.h; path = ViewController.h; sourceTree = "<group>"; };
		E896D8FA16DE4840003BBA49 /* ViewController.m */ = {isa = PBXFileReference; lastKnownFileType = sourcecode.c.objc; path = ViewController.m; sourceTree = "<group>"; };
/* End PBXFileReference section */

/* Begin PBXFrameworksBuildPhase section */
		E896D8D816DE4840003BBA49 /* Frameworks */ = {
			isa = PBXFrameworksBuildPhase;
			buildActionMask = 2147483647;
			files = (
				E896D8DF16DE4840003BBA49 /* UIKit.framework in Frameworks */,
				E896D8E116DE4840003BBA49 /* Foundation.framework in Frameworks */,
				E896D8E316DE4840003BBA49 /* CoreGraphics.framework in Frameworks */,
			);
			runOnlyForDeploymentPostprocessing = 0;
		};
/* End PBXFrameworksBuildPhase section */

/* Begin PBXGroup section */
		E896D8D216DE4840003BBA49 = {
			isa = PBXGroup;
			children = (
				E896D8E416DE4840003BBA49 /* ContactFinder */,
				E896D8DD16DE4840003BBA49 /* Frameworks */,
				E896D8DC16DE4840003BBA49 /* Products */,
			);
			sourceTree = "<group>";
		};
		E896D8DC16DE4840003BBA49 /* Products */ = {
			isa = PBXGroup;
			children = (
				E896D8DB16DE4840003BBA49 /* ContactFinder.app */,
			);
			name = Products;
			sourceTree = "<group>";
		};
		E896D8DD16DE4840003BBA49 /* Frameworks */ = {
			isa = PBXGroup;
			children = (
				E896D8DE16DE4840003BBA49 /* UIKit.framework */,
				E896D8E016DE4840003BBA49 /* Foundation.framework */,
				E896D8E216DE4840003BBA49 /* CoreGraphics.framework */,
			);
			name = Frameworks;
			sourceTree = "<group>";
		};
		E896D8E416DE4840003BBA49 /* ContactFinder */ = {
			isa = PBXGroup;
			children = (
				E896D8ED16DE4840003BBA49 /* AppDelegate.h */,
				E896D8EE16DE4840003BBA49 /* AppDelegate.m */,
				E896D8F616DE4840003BBA49 /* MainStoryboard.storyboard */,
				E896D8F916DE4840003BBA49 /* ViewController.h */,
				E896D8FA16DE4840003BBA49 /* ViewController.m */,
				E896D8E516DE4840003BBA49 /* Supporting Files */,
			);
			path = ContactFinder;
			sourceTree = "<group>";
		};
		E896D8E516DE4840003BBA49 /* Supporting Files */ = {
			isa = PBXGroup;
			children = (
				E896D8E616DE4840003BBA49 /* ContactFinder-Info.plist */,
				E896D8E716DE4840003BBA49 /* InfoPlist.strings */,
				E896D8EA16DE4840003BBA49 /* main.m */,
				E896D8EC16DE4840003BBA49 /* ContactFinder-Prefix.pch */,
				E896D8F016DE4840003BBA49 /* Default.png */,
				E896D8F216DE4840003BBA49 /* Default@2x.png */,
				E896D8F416DE4840003BBA49 /* Default-568h@2x.png */,
			);
			name = "Supporting Files";
			sourceTree = "<group>";
		};
/* End PBXGroup section */

/* Begin PBXNativeTarget section */
		E896D8DA16DE4840003BBA49 /* ContactFinder */ = {
			isa = PBXNativeTarget;
			buildConfigurationList = E896D8FE16DE4840003BBA49 /* Build configuration list for PBXNativeTarget "ContactFinder" */;
			buildPhases = (
				E896D8D716DE4840003BBA49 /* Sources */,
				E896D8D816DE4840003BBA49 /* Frameworks */,
				E896D8D916DE4840003BBA49 /* Resources */,
			);
			buildRules = (
			);
			dependencies = (
			);
			name = ContactFinder;
			productName = ContactFinder;
			productReference = E896D8DB16DE4840003BBA49 /* ContactFinder.app */;
			productType = "com.apple.product-type.application";
		};
/* End PBXNativeTarget section */

/* Begin PBXProject section */
		E896D8D316DE4840003BBA49 /* Project object */ = {
			isa = PBXProject;
			attributes = {
				LastUpgradeCheck = 0460;
				ORGANIZATIONNAME = yroul;
			};
			buildConfigurationList = E896D8D616DE4840003BBA49 /* Build configuration list for PBXProject "ContactFinder" */;
			compatibilityVersion = "Xcode 3.2";
			developmentRegion = English;
			hasScannedForEncodings = 0;
			knownRegions = (
				en,
			);
			mainGroup = E896D8D216DE4840003BBA49;
			productRefGroup = E896D8DC16DE4840003BBA49 /* Products */;
			projectDirPath = "";
			projectRoot = "";
			targets = (
				E896D8DA16DE4840003BBA49 /* ContactFinder */,
			);
		};
/* End PBXProject section */

/* Begin PBXResourcesBuildPhase section */
		E896D8D916DE4840003BBA49 /* Resources */ = {
			isa = PBXResourcesBuildPhase;
			buildActionMask = 2147483647;
			files = (
				E896D8E916DE4840003BBA49 /* InfoPlist.strings in Resources */,
				E896D8F116DE4840003BBA49 /* Default.png in Resources */,
				E896D8F316DE4840003BBA49 /* Default@2x.png in Resources */,
				E896D8F516DE4840003BBA49 /* Default-568h@2x.png in Resources */,
				E896D8F816DE4840003BBA49 /* MainStoryboard.storyboard in Resources */,
			);
			runOnlyForDeploymentPostprocessing = 0;
		};
/* End PBXResourcesBuildPhase section */

/* Begin PBXSourcesBuildPhase section */
		E896D8D716DE4840003BBA49 /* Sources */ = {
			isa = PBXSourcesBuildPhase;
			buildActionMask = 2147483647;
			files = (
				E896D8EB16DE4840003BBA49 /* main.m in Sources */,
				E896D8EF16DE4840003BBA49 /* AppDelegate.m in Sources */,
				E896D8FB16DE4840003BBA49 /* ViewController.m in Sources */,
			);
			runOnlyForDeploymentPostprocessing = 0;
		};
/* End PBXSourcesBuildPhase section */

/* Begin PBXVariantGroup section */
		E896D8E716DE4840003BBA49 /* InfoPlist.strings */ = {
			isa = PBXVariantGroup;
			children = (
				E896D8E816DE4840003BBA49 /* en */,
			);
			name = InfoPlist.strings;
			sourceTree = "<group>";
		};
		E896D8F616DE4840003BBA49 /* MainStoryboard.storyboard */ = {
			isa = PBXVariantGroup;
			children = (
				E896D8F716DE4840003BBA49 /* en */,
			);
			name = MainStoryboard.storyboard;
			sourceTree = "<group>";
		};
/* End PBXVariantGroup section */

/* Begin XCBuildConfiguration section */
		E896D8FC16DE4840003BBA49 /* Debug */ = {
			isa = XCBuildConfiguration;
			buildSettings = {
				ALWAYS_SEARCH_USER_PATHS = NO;
				CLANG_CXX_LANGUAGE_STANDARD = "gnu++0x";
				CLANG_CXX_LIBRARY = "libc++";
				CLANG_ENABLE_OBJC_ARC = YES;
				CLANG_WARN_CONSTANT_CONVERSION = YES;
				CLANG_WARN_EMPTY_BODY = YES;
				CLANG_WARN_ENUM_CONVERSION = YES;
				CLANG_WARN_INT_CONVERSION = YES;
				CLANG_WARN__DUPLICATE_METHOD_MATCH = YES;
				"CODE_SIGN_IDENTITY[sdk=iphoneos*]" = "iPhone Developer";
				COPY_PHASE_STRIP = NO;
				GCC_C_LANGUAGE_STANDARD = gnu99;
				GCC_DYNAMIC_NO_PIC = NO;
				GCC_OPTIMIZATION_LEVEL = 0;
				GCC_PREPROCESSOR_DEFINITIONS = (
					"DEBUG=1",
					"$(inherited)",
				);
				GCC_SYMBOLS_PRIVATE_EXTERN = NO;
				GCC_WARN_ABOUT_RETURN_TYPE = YES;
				GCC_WARN_UNINITIALIZED_AUTOS = YES;
				GCC_WARN_UNUSED_VARIABLE = YES;
				IPHONEOS_DEPLOYMENT_TARGET = 6.1;
				ONLY_ACTIVE_ARCH = YES;
				SDKROOT = iphoneos;
			};
			name = Debug;
		};
		E896D8FD16DE4840003BBA49 /* Release */ = {
			isa = XCBuildConfiguration;
			buildSettings = {
				ALWAYS_SEARCH_USER_PATHS = NO;
				CLANG_CXX_LANGUAGE_STANDARD = "gnu++0x";
				CLANG_CXX_LIBRARY = "libc++";
				CLANG_ENABLE_OBJC_ARC = YES;
				CLANG_WARN_CONSTANT_CONVERSION = YES;
				CLANG_WARN_EMPTY_BODY = YES;
				CLANG_WARN_ENUM_CONVERSION = YES;
				CLANG_WARN_INT_CONVERSION = YES;
				CLANG_WARN__DUPLICATE_METHOD_MATCH = YES;
				"CODE_SIGN_IDENTITY[sdk=iphoneos*]" = "iPhone Developer";
				COPY_PHASE_STRIP = YES;
				GCC_C_LANGUAGE_STANDARD = gnu99;
				GCC_WARN_ABOUT_RETURN_TYPE = YES;
				GCC_WARN_UNINITIALIZED_AUTOS = YES;
				GCC_WARN_UNUSED_VARIABLE = YES;
				IPHONEOS_DEPLOYMENT_TARGET = 6.1;
				OTHER_CFLAGS = "-DNS_BLOCK_ASSERTIONS=1";
				SDKROOT = iphoneos;
				VALIDATE_PRODUCT = YES;
			};
			name = Release;
		};
		E896D8FF16DE4840003BBA49 /* Debug */ = {
			isa = XCBuildConfiguration;
			buildSettings = {
				GCC_PRECOMPILE_PREFIX_HEADER = YES;
				GCC_PREFIX_HEADER = "ContactFinder/ContactFinder-Prefix.pch";
				INFOPLIST_FILE = "ContactFinder/ContactFinder-Info.plist";
				PRODUCT_NAME = "$(TARGET_NAME)";
				WRAPPER_EXTENSION = app;
			};
			name = Debug;
		};
		E896D90016DE4840003BBA49 /* Release */ = {
			isa = XCBuildConfiguration;
			buildSettings = {
				GCC_PRECOMPILE_PREFIX_HEADER = YES;
				GCC_PREFIX_HEADER = "ContactFinder/ContactFinder-Prefix.pch";
				INFOPLIST_FILE = "ContactFinder/ContactFinder-Info.plist";
				PRODUCT_NAME = "$(TARGET_NAME)";
				WRAPPER_EXTENSION = app;
			};
			name = Release;
		};
/* End XCBuildConfiguration section */

/* Begin XCConfigurationList section */
		E896D8D616DE4840003BBA49 /* Build configuration list for PBXProject "ContactFinder" */ = {
			isa = XCConfigurationList;
			buildConfigurations = (
				E896D8FC16DE4840003BBA49 /* Debug */,
				E896D8FD16DE4840003BBA49 /* Release */,
			);
			defaultConfigurationIsVisible = 0;
			defaultConfigurationName = Release;
		};
		E896D8FE16DE4840003BBA49 /* Build configuration list for PBXNativeTarget "ContactFinder" */ = {
			isa = XCConfigurationList;
			buildConfigurations = (
				E896D8FF16DE4840003BBA49 /* Debug */,
				E896D90016DE4840003BBA49 /* Release */,
			);
			defaultConfigurationIsVisible = 0;
		};
/* End XCConfigurationList section */
	};
	rootObject = E896D8D316DE4840003BBA49 /* Project object */;
}
